# This file was autogenerated by Stack.
# You should not edit this file by hand.
# For more information, please see the documentation at:
#   https://docs.haskellstack.org/en/stable/topics/lock_files

packages:
- completed:
    hackage: clash-ghc-1.10.0@sha256:d196fd5454e119fa86a2d28736081abb1f176317e80f70972ad6ae96b957af3a,9152
    pantry-tree:
      sha256: 118990b2069b9132cb61cce2425979676931fcd0ec579d800a95a9e6f2c7294c
      size: 4337
  original:
    hackage: clash-ghc-1.10.0@sha256:d196fd5454e119fa86a2d28736081abb1f176317e80f70972ad6ae96b957af3a,9152
- completed:
    hackage: clash-lib-1.10.0@sha256:3d512d1d8270586415e35d1eff3a47233978cf106d7909f064f100702a22c167,15776
    pantry-tree:
      sha256: 531894a68a379254942be25845ee72f903c604d915f3e5108a111d57a10c8bc6
      size: 24196
  original:
    hackage: clash-lib-1.10.0@sha256:3d512d1d8270586415e35d1eff3a47233978cf106d7909f064f100702a22c167,15776
- completed:
    hackage: clash-prelude-1.10.0@sha256:69daccb6c9066bac22846e59fc34a3335181c7b3d946715d2cb3204e42391d92,18110
    pantry-tree:
      sha256: 5db958e7047bc01a5b2939a5d0cee1a39b6e25e1199042535eef7482ab4af72a
      size: 14283
  original:
    hackage: clash-prelude-1.10.0@sha256:69daccb6c9066bac22846e59fc34a3335181c7b3d946715d2cb3204e42391d92,18110
- completed:
    hackage: clash-prelude-hedgehog-1.10.0@sha256:8d9738c12ce9742647dff05e807e069cc9cbc8c8831da5ea3899ee71932bc378,1615
    pantry-tree:
      sha256: 6e7f3e74a83965490f410ce7b88db9dc234f06d16263fdf9b62d93b3167fbb56
      size: 865
  original:
    hackage: clash-prelude-hedgehog-1.10.0@sha256:8d9738c12ce9742647dff05e807e069cc9cbc8c8831da5ea3899ee71932bc378,1615
- completed:
    hackage: ghc-typelits-extra-0.5.3@sha256:4fae3c698c15132181a431e52f95aa8f655dc78bcd2a5fdf35a7e222eb7d2d19,5830
    pantry-tree:
      sha256: 0685fca049f88038b7a228883df3aab85b8fcde034d6dd39c915199c47fd8336
      size: 831
  original:
    hackage: ghc-typelits-extra-0.5.3@sha256:4fae3c698c15132181a431e52f95aa8f655dc78bcd2a5fdf35a7e222eb7d2d19,5830
- completed:
    hackage: ghc-typelits-knownnat-0.8.3@sha256:84114e2d8a4389c37921ed1b3dd030c6acd8af0eb47d5cb516e3a374ade0f9b4,5993
    pantry-tree:
      sha256: b67be656abe93092d211dbef15d04ad586f4e3eee8cbd73b13ed4c7421859504
      size: 678
  original:
    hackage: ghc-typelits-knownnat-0.8.3@sha256:84114e2d8a4389c37921ed1b3dd030c6acd8af0eb47d5cb516e3a374ade0f9b4,5993
- completed:
    hackage: ghc-typelits-natnormalise-0.9.5@sha256:692d7a936ecee9e3a994f0a60d136be1f03137d38aca90f03b8efcb40bed90ca,3973
    pantry-tree:
      sha256: 41e54639bddfdf1d4e225ec22cf6bf29a8faa9172a1bbc5a9fdb40cb4b817466
      size: 757
  original:
    hackage: ghc-typelits-natnormalise-0.9.5@sha256:692d7a936ecee9e3a994f0a60d136be1f03137d38aca90f03b8efcb40bed90ca,3973
- completed:
    hackage: ghc-tcplugin-api-0.18.2.1@sha256:a5e1e7019f94203508a9a398cf1210ec813d2e11a880d325b0259985dbf7b02a,5426
    pantry-tree:
      sha256: fe36bb136bb7e8b487162865967238120e46cec121f75d74a6c32e6d26744f35
      size: 575
  original:
    hackage: ghc-tcplugin-api-0.18.2.1@sha256:a5e1e7019f94203508a9a398cf1210ec813d2e11a880d325b0259985dbf7b02a,5426
snapshots:
- completed:
    sha256: abc790b571e0c70e929db74b329e3c18d7e76a6e173e8bdf94f1ba20770d4c24
    size: 728990
    url: https://raw.githubusercontent.com/commercialhaskell/stackage-snapshots/master/lts/24/38.yaml
  original: lts-24.38
