# This file was autogenerated by Stack.
# You should not edit this file by hand.
# For more information, please see the documentation at:
#   https://docs.haskellstack.org/en/stable/topics/lock_files

packages:
- completed:
    hackage: clash-ghc-1.8.2@sha256:a5e5fe902fbc02f2fc825e13855b9e57bbc782928bc1820c29d3faabaa8457bb,9802
    pantry-tree:
      sha256: 4fe213f3b0cd01164a41bcccfc3a4804b1fbaa82042597374e18a1165feb1c23
      size: 6237
  original:
    hackage: clash-ghc-1.8.2@sha256:a5e5fe902fbc02f2fc825e13855b9e57bbc782928bc1820c29d3faabaa8457bb,9802
- completed:
    hackage: clash-lib-1.8.2@sha256:bf494184c73cdb27016ce61d471a2ba3d3959703e576dda3181d85431fba47e2,15721
    pantry-tree:
      sha256: 71d14d7d2ca66d8ed0a79bca555132c77fb7f24a3e73e893d5517aa7f9e3d6b9
      size: 23796
  original:
    hackage: clash-lib-1.8.2@sha256:bf494184c73cdb27016ce61d471a2ba3d3959703e576dda3181d85431fba47e2,15721
- completed:
    hackage: clash-prelude-1.8.2@sha256:a9409f93aa7806a4fb4d39efc7fae78f638cfd0e9bd57140adf04e0f2fcc27bf,17871
    pantry-tree:
      sha256: a019d0ff991b7c6dbd5d760fb2550b0ff165f631a7bc4c6d1ba81f1beb0f655a
      size: 13729
  original:
    hackage: clash-prelude-1.8.2@sha256:a9409f93aa7806a4fb4d39efc7fae78f638cfd0e9bd57140adf04e0f2fcc27bf,17871
- completed:
    hackage: clash-prelude-hedgehog-1.8.2@sha256:4ffc0a4897a60cfae1bee5feaa946be652942bcdd624b3bf153b4596754ddd0b,1410
    pantry-tree:
      sha256: 55d70528a074a2818a44c2956d7619fd3879108dad5456daa78523148b812d61
      size: 735
  original:
    hackage: clash-prelude-hedgehog-1.8.2@sha256:4ffc0a4897a60cfae1bee5feaa946be652942bcdd624b3bf153b4596754ddd0b,1410
- completed:
    hackage: modular-arithmetic-2.0.0.3@sha256:2fa424db61ef94cb9f0ae28665c6dbd76b0c910cc34d8bb0d6971bfbca80b956,1659
    pantry-tree:
      sha256: b44a61dc5cbed6ca6fdadfbb95546d01af3cb55a08bfbe43c21b13d0e1be18f4
      size: 383
  original:
    hackage: modular-arithmetic-2.0.0.3@sha256:2fa424db61ef94cb9f0ae28665c6dbd76b0c910cc34d8bb0d6971bfbca80b956,1659
- completed:
    hackage: prettyprinter-interp-0.2.0.0@sha256:69c339a95b265dab9b3478ca19ec96952b6b472bd0ff6e2127112a9562362c1d,2086
    pantry-tree:
      sha256: 72ec39fe4a40e437e7c0d3efba1f97c4e4e860a7b5503f31d185cef389c9c6e1
      size: 300
  original:
    hackage: prettyprinter-interp-0.2.0.0@sha256:69c339a95b265dab9b3478ca19ec96952b6b472bd0ff6e2127112a9562362c1d,2086
- completed:
    commit: e333a68957eba08d5f3c1848058567511fe07516
    git: ssh://git@github.com/chenmoucheng/clash-multicycle-moore.git
    name: clash-multicycle-moore
    pantry-tree:
      sha256: 03a51635250ac4750c35b1b2c919d0fc439f62eb8076e9b6e18c1bdbeede2d16
      size: 897
    version: '0.1'
  original:
    commit: e333a68957eba08d5f3c1848058567511fe07516
    git: ssh://git@github.com/chenmoucheng/clash-multicycle-moore.git
snapshots:
- completed:
    sha256: 08bd13ce621b41a8f5e51456b38d5b46d7783ce114a50ab604d6bbab0d002146
    size: 720271
    url: https://raw.githubusercontent.com/commercialhaskell/stackage-snapshots/master/lts/22/43.yaml
  original: lts-22.43
